
Microsoft Visual Studio Solution File, Format Version 12.00
# Visual Studio Version 17
VisualStudioVersion = 17.3.32901.215
MinimumVisualStudioVersion = 10.0.40219.1
Project("{FAE04EC0-301F-11D3-BF4B-00C04F79EFBC}") = "webApi", "webApi\webApi.csproj", "{ED1449B9-B370-4210-8D27-35D6D3D0900A}"
EndProject
Global
	GlobalSection(SolutionConfigurationPlatforms) = preSolution
		Debug|Any CPU = Debug|Any CPU
		Release|Any CPU = Release|Any CPU
	EndGlobalSection
	GlobalSection(ProjectConfigurationPlatforms) = postSolution
		{ED1449B9-B370-4210-8D27-35D6D3D0900A}.Debug|Any CPU.ActiveCfg = Debug|Any CPU
		{ED1449B9-B370-4210-8D27-35D6D3D0900A}.Debug|Any CPU.Build.0 = Debug|Any CPU
		{ED1449B9-B370-4210-8D27-35D6D3D0900A}.Release|Any CPU.ActiveCfg = Release|Any CPU
		{ED1449B9-B370-4210-8D27-35D6D3D0900A}.Release|Any CPU.Build.0 = Release|Any CPU
	EndGlobalSection
	GlobalSection(SolutionProperties) = preSolution
		HideSolutionNode = FALSE
	EndGlobalSection
	GlobalSection(ExtensibilityGlobals) = postSolution
		SolutionGuid = {FEA9282B-3948-449F-930F-CAE879A5384C}
	EndGlobalSection
EndGlobal
